
Microsoft Visual Studio Solution File, Format Version 12.00
# Visual Studio 14
VisualStudioVersion = 14.0.23107.0
MinimumVisualStudioVersion = 10.0.40219.1
Project("{FAE04EC0-301F-11D3-BF4B-00C04F79EFBC}") = "GabeHaack", "GabeHaack\GabeHaack.csproj", "{C787A208-A1FF-4661-A8A9-073CF8DE982E}"
EndProject
Project("{FAE04EC0-301F-11D3-BF4B-00C04F79EFBC}") = "GabeHaack.Tests", "GabeHaack.Tests\GabeHaack.Tests.csproj", "{E40FB428-9FA5-442A-B791-67D7E062CC51}"
EndProject
Global
	GlobalSection(SolutionConfigurationPlatforms) = preSolution
		Debug|Any CPU = Debug|Any CPU
		Release|Any CPU = Release|Any CPU
	EndGlobalSection
	GlobalSection(ProjectConfigurationPlatforms) = postSolution
		{C787A208-A1FF-4661-A8A9-073CF8DE982E}.Debug|Any CPU.ActiveCfg = Debug|Any CPU
		{C787A208-A1FF-4661-A8A9-073CF8DE982E}.Debug|Any CPU.Build.0 = Debug|Any CPU
		{C787A208-A1FF-4661-A8A9-073CF8DE982E}.Release|Any CPU.ActiveCfg = Release|Any CPU
		{C787A208-A1FF-4661-A8A9-073CF8DE982E}.Release|Any CPU.Build.0 = Release|Any CPU
		{E40FB428-9FA5-442A-B791-67D7E062CC51}.Debug|Any CPU.ActiveCfg = Debug|Any CPU
		{E40FB428-9FA5-442A-B791-67D7E062CC51}.Debug|Any CPU.Build.0 = Debug|Any CPU
		{E40FB428-9FA5-442A-B791-67D7E062CC51}.Release|Any CPU.ActiveCfg = Release|Any CPU
		{E40FB428-9FA5-442A-B791-67D7E062CC51}.Release|Any CPU.Build.0 = Release|Any CPU
	EndGlobalSection
	GlobalSection(SolutionProperties) = preSolution
		HideSolutionNode = FALSE
	EndGlobalSection
EndGlobal
